
Microsoft Visual Studio Solution File, Format Version 12.00
# Visual Studio Version 17
VisualStudioVersion = 17.11.35312.102
MinimumVisualStudioVersion = 10.0.40219.1
Project("{9A19103F-16F7-4668-BE54-9A1E7A4F7556}") = "MoshExercise1_fundamtionals", "MoshExercise1_fundamtionals.csproj", "{1D6CB3C2-C546-4179-B852-41321F57B741}"
EndProject
Global
	GlobalSection(SolutionConfigurationPlatforms) = preSolution
		Debug|Any CPU = Debug|Any CPU
		Release|Any CPU = Release|Any CPU
	EndGlobalSection
	GlobalSection(ProjectConfigurationPlatforms) = postSolution
		{1D6CB3C2-C546-4179-B852-41321F57B741}.Debug|Any CPU.ActiveCfg = Debug|Any CPU
		{1D6CB3C2-C546-4179-B852-41321F57B741}.Debug|Any CPU.Build.0 = Debug|Any CPU
		{1D6CB3C2-C546-4179-B852-41321F57B741}.Release|Any CPU.ActiveCfg = Release|Any CPU
		{1D6CB3C2-C546-4179-B852-41321F57B741}.Release|Any CPU.Build.0 = Release|Any CPU
	EndGlobalSection
	GlobalSection(SolutionProperties) = preSolution
		HideSolutionNode = FALSE
	EndGlobalSection
	GlobalSection(ExtensibilityGlobals) = postSolution
		SolutionGuid = {6FB239AB-0D25-45ED-9664-B7154F3E178C}
	EndGlobalSection
EndGlobal
